{
  "version": 4,
  "terraform_version": "1.12.2",
  "serial": 42,
  "lineage": "7db6e549-8d59-5156-a336-01ddcbb8b006",
  "outputs": {},
  "resources": [
    {
      "mode": "managed",
      "type": "aws_instance",
      "name": "strapi",
      "provider": "provider[\"registry.terraform.io/hashicorp/aws\"]",
      "instances": [
        {
          "schema_version": 2,
          "attributes": {
            "ami": "ami-0cd582ee8a22cc7be",
            "arn": "arn:aws:ec2:us-east-2:096320116365:instance/i-0644cc7f7cc7639e9",
            "associate_public_ip_address": true,
            "availability_zone": "us-east-2c",
            "capacity_reservation_specification": [
              {
                "capacity_reservation_preference": "open",
                "capacity_reservation_target": []
              }
            ],
            "cpu_options": [
              {
                "amd_sev_snp": "",
                "core_count": 1,
                "threads_per_core": 2
              }
            ],
            "credit_specification": [
              {
                "cpu_credits": "unlimited"
              }
            ],
            "disable_api_stop": false,
            "disable_api_termination": false,
            "ebs_block_device": [],
            "ebs_optimized": false,
            "enable_primary_ipv6": null,
            "enclave_options": [
              {
                "enabled": false
              }
            ],
            "ephemeral_block_device": [],
            "get_password_data": false,
            "hibernation": false,
            "host_id": "",
            "host_resource_group_arn": null,
            "iam_instance_profile": "",
            "id": "i-0644cc7f7cc7639e9",
            "instance_initiated_shutdown_behavior": "stop",
            "instance_lifecycle": "",
            "instance_market_options": [],
            "instance_state": "running",
            "instance_type": "t3.medium",
            "ipv6_address_count": 0,
            "ipv6_addresses": [],
            "key_name": "terraform-strapi",
            "launch_template": [],
            "maintenance_options": [
              {
                "auto_recovery": "default"
              }
            ],
            "metadata_options": [
              {
                "http_endpoint": "enabled",
                "http_protocol_ipv6": "disabled",
                "http_put_response_hop_limit": 2,
                "http_tokens": "required",
                "instance_metadata_tags": "disabled"
              }
            ],
            "monitoring": false,
            "network_interface": [],
            "outpost_arn": "",
            "password_data": "",
            "placement_group": "",
            "placement_partition_number": 0,
            "primary_network_interface_id": "eni-001cb6a3f2f0769ba",
            "private_dns": "ip-172-31-43-132.us-east-2.compute.internal",
            "private_dns_name_options": [
              {
                "enable_resource_name_dns_a_record": false,
                "enable_resource_name_dns_aaaa_record": false,
                "hostname_type": "ip-name"
              }
            ],
            "private_ip": "172.31.43.132",
            "public_dns": "ec2-3-18-110-225.us-east-2.compute.amazonaws.com",
            "public_ip": "3.18.110.225",
            "region": "us-east-2",
            "root_block_device": [
              {
                "delete_on_termination": true,
                "device_name": "/dev/xvda",
                "encrypted": false,
                "iops": 3000,
                "kms_key_id": "",
                "tags": {},
                "tags_all": {},
                "throughput": 125,
                "volume_id": "vol-0998c6d13d24cedaa",
                "volume_size": 8,
                "volume_type": "gp3"
              }
            ],
            "secondary_private_ips": [],
            "security_groups": [
              "strapi-sg"
            ],
            "source_dest_check": true,
            "spot_instance_request_id": "",
            "subnet_id": "subnet-0c83df9157e83bf56",
            "tags": {
              "Name": "StrapiProdEC2"
            },
            "tags_all": {
              "Name": "StrapiProdEC2"
            },
            "tenancy": "default",
            "timeouts": null,
            "user_data": "#!/bin/bash\r\n###########\r\n \r\n#This will log the script output.\r\nLOGFILE=\"/var/log/strapi-deployment.log\"\r\nexec \u003e \u003e(tee -a \"$LOGFILE\") 2\u003e\u00261\r\n \r\necho \"Script started at $(date)\"\r\n \r\n########################################\r\n \r\n#These commands will install and start docker.\r\nyum update -y\r\nyum install -y docker\r\nsystemctl enable docker\r\nsystemctl start docker\r\n \r\n######################\r\n \r\n#These commands will deploy the complete strapi setup.\r\ndocker network create strapi\r\ndocker volume create mysql_data\r\n\r\ndocker run -d --name mysql --network strapi -e MYSQL_DATABASE=strapi -e MYSQL_USER=strapi -e MYSQL_PASSWORD=password -e MYSQL_ROOT_PASSWORD=password -v mysql_data:/var/lib/mysql mysql:8 \r\n#Strapi\r\ndocker run -d --name strapi -e DATABASE_CLIENT=mysql -e DATABASE_HOST=mysql -e DATABASE_PORT=3306 -e DATABASE_NAME=strapi -e DATABASE_USERNAME=strapi -e DATABASE_PASSWORD=password -p 1337:1337 baddamharika/strapi-app:v2 \r\n",
            "user_data_base64": null,
            "user_data_replace_on_change": false,
            "volume_tags": null,
            "vpc_security_group_ids": [
              "sg-0aa38a1a15e716bb4"
            ]
          },
          "sensitive_attributes": [],
          "identity_schema_version": 0,
          "private": "eyJlMmJmYjczMC1lY2FhLTExZTYtOGY4OC0zNDM2M2JjN2M0YzAiOnsiY3JlYXRlIjo2MDAwMDAwMDAwMDAsImRlbGV0ZSI6MTIwMDAwMDAwMDAwMCwicmVhZCI6OTAwMDAwMDAwMDAwLCJ1cGRhdGUiOjYwMDAwMDAwMDAwMH0sInNjaGVtYV92ZXJzaW9uIjoiMiJ9",
          "dependencies": [
            "aws_security_group.strapi_sg"
          ]
        }
      ]
    },
    {
      "mode": "managed",
      "type": "aws_security_group",
      "name": "strapi_sg",
      "provider": "provider[\"registry.terraform.io/hashicorp/aws\"]",
      "instances": [
        {
          "schema_version": 1,
          "attributes": {
            "arn": "arn:aws:ec2:us-east-2:096320116365:security-group/sg-0aa38a1a15e716bb4",
            "description": "Allows SSH and Strapi Access",
            "egress": [
              {
                "cidr_blocks": [
                  "0.0.0.0/0"
                ],
                "description": "",
                "from_port": 0,
                "ipv6_cidr_blocks": [],
                "prefix_list_ids": [],
                "protocol": "-1",
                "security_groups": [],
                "self": false,
                "to_port": 0
              }
            ],
            "id": "sg-0aa38a1a15e716bb4",
            "ingress": [
              {
                "cidr_blocks": [
                  "0.0.0.0/0"
                ],
                "description": "",
                "from_port": 1337,
                "ipv6_cidr_blocks": [],
                "prefix_list_ids": [],
                "protocol": "tcp",
                "security_groups": [],
                "self": false,
                "to_port": 1337
              },
              {
                "cidr_blocks": [
                  "0.0.0.0/0"
                ],
                "description": "",
                "from_port": 22,
                "ipv6_cidr_blocks": [],
                "prefix_list_ids": [],
                "protocol": "tcp",
                "security_groups": [],
                "self": false,
                "to_port": 22
              }
            ],
            "name": "strapi-sg",
            "name_prefix": "",
            "owner_id": "096320116365",
            "region": "us-east-2",
            "revoke_rules_on_delete": false,
            "tags": {
              "Name": "Strapi_Instance",
              "Owner": "ec2-user"
            },
            "tags_all": {
              "Name": "Strapi_Instance",
              "Owner": "ec2-user"
            },
            "timeouts": null,
            "vpc_id": "vpc-0b99d39e31542a5c8"
          },
          "sensitive_attributes": [],
          "identity_schema_version": 0,
          "private": "eyJlMmJmYjczMC1lY2FhLTExZTYtOGY4OC0zNDM2M2JjN2M0YzAiOnsiY3JlYXRlIjo2MDAwMDAwMDAwMDAsImRlbGV0ZSI6OTAwMDAwMDAwMDAwfSwic2NoZW1hX3ZlcnNpb24iOiIxIn0="
        }
      ]
    }
  ],
  "check_results": null
}
